
Microsoft Visual Studio Solution File, Format Version 12.00
# Visual Studio Version 17
VisualStudioVersion = 17.11.35303.130
MinimumVisualStudioVersion = 10.0.40219.1
Project("{9A19103F-16F7-4668-BE54-9A1E7A4F7556}") = "Online Learning Platform", "Online Learning Platform\Online Learning Platform.csproj", "{8C46C6C1-CAB3-4DDA-BDA4-5112EC3A2F60}"
EndProject
Global
	GlobalSection(SolutionConfigurationPlatforms) = preSolution
		Debug|Any CPU = Debug|Any CPU
		Release|Any CPU = Release|Any CPU
	EndGlobalSection
	GlobalSection(ProjectConfigurationPlatforms) = postSolution
		{8C46C6C1-CAB3-4DDA-BDA4-5112EC3A2F60}.Debug|Any CPU.ActiveCfg = Debug|Any CPU
		{8C46C6C1-CAB3-4DDA-BDA4-5112EC3A2F60}.Debug|Any CPU.Build.0 = Debug|Any CPU
		{8C46C6C1-CAB3-4DDA-BDA4-5112EC3A2F60}.Release|Any CPU.ActiveCfg = Release|Any CPU
		{8C46C6C1-CAB3-4DDA-BDA4-5112EC3A2F60}.Release|Any CPU.Build.0 = Release|Any CPU
	EndGlobalSection
	GlobalSection(SolutionProperties) = preSolution
		HideSolutionNode = FALSE
	EndGlobalSection
	GlobalSection(ExtensibilityGlobals) = postSolution
		SolutionGuid = {19F57961-E90A-4374-85FC-02184741916C}
	EndGlobalSection
EndGlobal
